// !$*UTF8*$!
{
	archiveVersion = 1;
	classes = {
	};
	objectVersion = 77;
	objects = {

/* Begin PBXBuildFile section */
		D9EA501F2DD4E3B200B491EB /* AWSAPIPlugin in Frameworks */ = {isa = PBXBuildFile; productRef = D9EA501E2DD4E3B200B491EB /* AWSAPIPlugin */; };
		D9EA50212DD4E3B200B491EB /* AWSCognitoAuthPlugin in Frameworks */ = {isa = PBXBuildFile; productRef = D9EA50202DD4E3B200B491EB /* AWSCognitoAuthPlugin */; };
		D9EA50232DD4E3B200B491EB /* Amplify in Frameworks */ = {isa = PBXBuildFile; productRef = D9EA50222DD4E3B200B491EB /* Amplify */; };
/* End PBXBuildFile section */

/* Begin PBXContainerItemProxy section */
		D9D753222DC1731A00FA84F9 /* PBXContainerItemProxy */ = {
			isa = PBXContainerItemProxy;
			containerPortal = D9D7530C2DC1731700FA84F9 /* Project object */;
			proxyType = 1;
			remoteGlobalIDString = D9D753132DC1731700FA84F9;
			remoteInfo = ASTN;
		};
		D9D7532C2DC1731A00FA84F9 /* PBXContainerItemProxy */ = {
			isa = PBXContainerItemProxy;
			containerPortal = D9D7530C2DC1731700FA84F9 /* Project object */;
			proxyType = 1;
			remoteGlobalIDString = D9D753132DC1731700FA84F9;
			remoteInfo = ASTN;
		};
/* End PBXContainerItemProxy section */

/* Begin PBXFileReference section */
		D9D753142DC1731700FA84F9 /* ASTN.app */ = {isa = PBXFileReference; explicitFileType = wrapper.application; includeInIndex = 0; path = ASTN.app; sourceTree = BUILT_PRODUCTS_DIR; };
		D9D753212DC1731A00FA84F9 /* ASTNTests.xctest */ = {isa = PBXFileReference; explicitFileType = wrapper.cfbundle; includeInIndex = 0; path = ASTNTests.xctest; sourceTree = BUILT_PRODUCTS_DIR; };
		D9D7532B2DC1731A00FA84F9 /* ASTNUITests.xctest */ = {isa = PBXFileReference; explicitFileType = wrapper.cfbundle; includeInIndex = 0; path = ASTNUITests.xctest; sourceTree = BUILT_PRODUCTS_DIR; };
/* End PBXFileReference section */

/* Begin PBXFileSystemSynchronizedBuildFileExceptionSet section */
		D9E117062DC4F40D00F409C2 /* Exceptions for "ASTN" folder in "ASTN" target */ = {
			isa = PBXFileSystemSynchronizedBuildFileExceptionSet;
			membershipExceptions = (
				Info.plist,
			);
			target = D9D753132DC1731700FA84F9 /* ASTN */;
		};
/* End PBXFileSystemSynchronizedBuildFileExceptionSet section */

/* Begin PBXFileSystemSynchronizedRootGroup section */
		D9D753162DC1731700FA84F9 /* ASTN */ = {
			isa = PBXFileSystemSynchronizedRootGroup;
			exceptions = (
				D9E117062DC4F40D00F409C2 /* Exceptions for "ASTN" folder in "ASTN" target */,
			);
			path = ASTN;
			sourceTree = "<group>";
		};
		D9D753242DC1731A00FA84F9 /* ASTNTests */ = {
			isa = PBXFileSystemSynchronizedRootGroup;
			path = ASTNTests;
			sourceTree = "<group>";
		};
		D9D7532E2DC1731A00FA84F9 /* ASTNUITests */ = {
			isa = PBXFileSystemSynchronizedRootGroup;
			path = ASTNUITests;
			sourceTree = "<group>";
		};
/* End PBXFileSystemSynchronizedRootGroup section */

/* Begin PBXFrameworksBuildPhase section */
		D9D753112DC1731700FA84F9 /* Frameworks */ = {
			isa = PBXFrameworksBuildPhase;
			buildActionMask = 2147483647;
			files = (
				D9EA50232DD4E3B200B491EB /* Amplify in Frameworks */,
				D9EA501F2DD4E3B200B491EB /* AWSAPIPlugin in Frameworks */,
				D9EA50212DD4E3B200B491EB /* AWSCognitoAuthPlugin in Frameworks */,
			);
			runOnlyForDeploymentPostprocessing = 0;
		};
		D9D7531E2DC1731A00FA84F9 /* Frameworks */ = {
			isa = PBXFrameworksBuildPhase;
			buildActionMask = 2147483647;
			files = (
			);
			runOnlyForDeploymentPostprocessing = 0;
		};
		D9D753282DC1731A00FA84F9 /* Frameworks */ = {
			isa = PBXFrameworksBuildPhase;
			buildActionMask = 2147483647;
			files = (
			);
			runOnlyForDeploymentPostprocessing = 0;
		};
/* End PBXFrameworksBuildPhase section */

/* Begin PBXGroup section */
		D9D7530B2DC1731700FA84F9 = {
			isa = PBXGroup;
			children = (
				D9D753162DC1731700FA84F9 /* ASTN */,
				D9D753242DC1731A00FA84F9 /* ASTNTests */,
				D9D7532E2DC1731A00FA84F9 /* ASTNUITests */,
				D9D753152DC1731700FA84F9 /* Products */,
			);
			sourceTree = "<group>";
		};
		D9D753152DC1731700FA84F9 /* Products */ = {
			isa = PBXGroup;
			children = (
				D9D753142DC1731700FA84F9 /* ASTN.app */,
				D9D753212DC1731A00FA84F9 /* ASTNTests.xctest */,
				D9D7532B2DC1731A00FA84F9 /* ASTNUITests.xctest */,
			);
			name = Products;
			sourceTree = "<group>";
		};
/* End PBXGroup section */

/* Begin PBXNativeTarget section */
		D9D753132DC1731700FA84F9 /* ASTN */ = {
			isa = PBXNativeTarget;
			buildConfigurationList = D9D753352DC1731A00FA84F9 /* Build configuration list for PBXNativeTarget "ASTN" */;
			buildPhases = (
				D9D753102DC1731700FA84F9 /* Sources */,
				D9D753112DC1731700FA84F9 /* Frameworks */,
				D9D753122DC1731700FA84F9 /* Resources */,
			);
			buildRules = (
			);
			dependencies = (
			);
			fileSystemSynchronizedGroups = (
				D9D753162DC1731700FA84F9 /* ASTN */,
			);
			name = ASTN;
			packageProductDependencies = (
				D9EA501E2DD4E3B200B491EB /* AWSAPIPlugin */,
				D9EA50202DD4E3B200B491EB /* AWSCognitoAuthPlugin */,
				D9EA50222DD4E3B200B491EB /* Amplify */,
			);
			productName = ASTN;
			productReference = D9D753142DC1731700FA84F9 /* ASTN.app */;
			productType = "com.apple.product-type.application";
		};
		D9D753202DC1731A00FA84F9 /* ASTNTests */ = {
			isa = PBXNativeTarget;
			buildConfigurationList = D9D753382DC1731A00FA84F9 /* Build configuration list for PBXNativeTarget "ASTNTests" */;
			buildPhases = (
				D9D7531D2DC1731A00FA84F9 /* Sources */,
				D9D7531E2DC1731A00FA84F9 /* Frameworks */,
				D9D7531F2DC1731A00FA84F9 /* Resources */,
			);
			buildRules = (
			);
			dependencies = (
				D9D753232DC1731A00FA84F9 /* PBXTargetDependency */,
			);
			fileSystemSynchronizedGroups = (
				D9D753242DC1731A00FA84F9 /* ASTNTests */,
			);
			name = ASTNTests;
			packageProductDependencies = (
			);
			productName = ASTNTests;
			productReference = D9D753212DC1731A00FA84F9 /* ASTNTests.xctest */;
			productType = "com.apple.product-type.bundle.unit-test";
		};
		D9D7532A2DC1731A00FA84F9 /* ASTNUITests */ = {
			isa = PBXNativeTarget;
			buildConfigurationList = D9D7533B2DC1731A00FA84F9 /* Build configuration list for PBXNativeTarget "ASTNUITests" */;
			buildPhases = (
				D9D753272DC1731A00FA84F9 /* Sources */,
				D9D753282DC1731A00FA84F9 /* Frameworks */,
				D9D753292DC1731A00FA84F9 /* Resources */,
			);
			buildRules = (
			);
			dependencies = (
				D9D7532D2DC1731A00FA84F9 /* PBXTargetDependency */,
			);
			fileSystemSynchronizedGroups = (
				D9D7532E2DC1731A00FA84F9 /* ASTNUITests */,
			);
			name = ASTNUITests;
			packageProductDependencies = (
			);
			productName = ASTNUITests;
			productReference = D9D7532B2DC1731A00FA84F9 /* ASTNUITests.xctest */;
			productType = "com.apple.product-type.bundle.ui-testing";
		};
/* End PBXNativeTarget section */

/* Begin PBXProject section */
		D9D7530C2DC1731700FA84F9 /* Project object */ = {
			isa = PBXProject;
			attributes = {
				BuildIndependentTargetsInParallel = 1;
				LastSwiftUpdateCheck = 1630;
				LastUpgradeCheck = 1630;
				TargetAttributes = {
					D9D753132DC1731700FA84F9 = {
						CreatedOnToolsVersion = 16.3;
					};
					D9D753202DC1731A00FA84F9 = {
						CreatedOnToolsVersion = 16.3;
						TestTargetID = D9D753132DC1731700FA84F9;
					};
					D9D7532A2DC1731A00FA84F9 = {
						CreatedOnToolsVersion = 16.3;
						TestTargetID = D9D753132DC1731700FA84F9;
					};
				};
			};
			buildConfigurationList = D9D7530F2DC1731700FA84F9 /* Build configuration list for PBXProject "ASTN" */;
			developmentRegion = en;
			hasScannedForEncodings = 0;
			knownRegions = (
				en,
				Base,
			);
			mainGroup = D9D7530B2DC1731700FA84F9;
			minimizedProjectReferenceProxies = 1;
			packageReferences = (
				D9EA501D2DD4E3B200B491EB /* XCRemoteSwiftPackageReference "amplify-swift" */,
			);
			preferredProjectObjectVersion = 77;
			productRefGroup = D9D753152DC1731700FA84F9 /* Products */;
			projectDirPath = "";
			projectRoot = "";
			targets = (
				D9D753132DC1731700FA84F9 /* ASTN */,
				D9D753202DC1731A00FA84F9 /* ASTNTests */,
				D9D7532A2DC1731A00FA84F9 /* ASTNUITests */,
			);
		};
/* End PBXProject section */

/* Begin PBXResourcesBuildPhase section */
		D9D753122DC1731700FA84F9 /* Resources */ = {
			isa = PBXResourcesBuildPhase;
			buildActionMask = 2147483647;
			files = (
			);
			runOnlyForDeploymentPostprocessing = 0;
		};
		D9D7531F2DC1731A00FA84F9 /* Resources */ = {
			isa = PBXResourcesBuildPhase;
			buildActionMask = 2147483647;
			files = (
			);
			runOnlyForDeploymentPostprocessing = 0;
		};
		D9D753292DC1731A00FA84F9 /* Resources */ = {
			isa = PBXResourcesBuildPhase;
			buildActionMask = 2147483647;
			files = (
			);
			runOnlyForDeploymentPostprocessing = 0;
		};
/* End PBXResourcesBuildPhase section */

/* Begin PBXSourcesBuildPhase section */
		D9D753102DC1731700FA84F9 /* Sources */ = {
			isa = PBXSourcesBuildPhase;
			buildActionMask = 2147483647;
			files = (
			);
			runOnlyForDeploymentPostprocessing = 0;
		};
		D9D7531D2DC1731A00FA84F9 /* Sources */ = {
			isa = PBXSourcesBuildPhase;
			buildActionMask = 2147483647;
			files = (
			);
			runOnlyForDeploymentPostprocessing = 0;
		};
		D9D753272DC1731A00FA84F9 /* Sources */ = {
			isa = PBXSourcesBuildPhase;
			buildActionMask = 2147483647;
			files = (
			);
			runOnlyForDeploymentPostprocessing = 0;
		};
/* End PBXSourcesBuildPhase section */

/* Begin PBXTargetDependency section */
		D9D753232DC1731A00FA84F9 /* PBXTargetDependency */ = {
			isa = PBXTargetDependency;
			target = D9D753132DC1731700FA84F9 /* ASTN */;
			targetProxy = D9D753222DC1731A00FA84F9 /* PBXContainerItemProxy */;
		};
		D9D7532D2DC1731A00FA84F9 /* PBXTargetDependency */ = {
			isa = PBXTargetDependency;
			target = D9D753132DC1731700FA84F9 /* ASTN */;
			targetProxy = D9D7532C2DC1731A00FA84F9 /* PBXContainerItemProxy */;
		};
/* End PBXTargetDependency section */

/* Begin XCBuildConfiguration section */
		D9D753332DC1731A00FA84F9 /* Debug */ = {
			isa = XCBuildConfiguration;
			buildSettings = {
				ALWAYS_SEARCH_USER_PATHS = NO;
				ASSETCATALOG_COMPILER_GENERATE_SWIFT_ASSET_SYMBOL_EXTENSIONS = YES;
				CLANG_ANALYZER_NONNULL = YES;
				CLANG_ANALYZER_NUMBER_OBJECT_CONVERSION = YES_AGGRESSIVE;
				CLANG_CXX_LANGUAGE_STANDARD = "gnu++20";
				CLANG_ENABLE_MODULES = YES;
				CLANG_ENABLE_OBJC_ARC = YES;
				CLANG_ENABLE_OBJC_WEAK = YES;
				CLANG_WARN_BLOCK_CAPTURE_AUTORELEASING = YES;
				CLANG_WARN_BOOL_CONVERSION = YES;
				CLANG_WARN_COMMA = YES;
				CLANG_WARN_CONSTANT_CONVERSION = YES;
				CLANG_WARN_DEPRECATED_OBJC_IMPLEMENTATIONS = YES;
				CLANG_WARN_DIRECT_OBJC_ISA_USAGE = YES_ERROR;
				CLANG_WARN_DOCUMENTATION_COMMENTS = YES;
				CLANG_WARN_EMPTY_BODY = YES;
				CLANG_WARN_ENUM_CONVERSION = YES;
				CLANG_WARN_INFINITE_RECURSION = YES;
				CLANG_WARN_INT_CONVERSION = YES;
				CLANG_WARN_NON_LITERAL_NULL_CONVERSION = YES;
				CLANG_WARN_OBJC_IMPLICIT_RETAIN_SELF = YES;
				CLANG_WARN_OBJC_LITERAL_CONVERSION = YES;
				CLANG_WARN_OBJC_ROOT_CLASS = YES_ERROR;
				CLANG_WARN_QUOTED_INCLUDE_IN_FRAMEWORK_HEADER = YES;
				CLANG_WARN_RANGE_LOOP_ANALYSIS = YES;
				CLANG_WARN_STRICT_PROTOTYPES = YES;
				CLANG_WARN_SUSPICIOUS_MOVE = YES;
				CLANG_WARN_UNGUARDED_AVAILABILITY = YES_AGGRESSIVE;
				CLANG_WARN_UNREACHABLE_CODE = YES;
				CLANG_WARN__DUPLICATE_METHOD_MATCH = YES;
				COPY_PHASE_STRIP = NO;
				DEBUG_INFORMATION_FORMAT = dwarf;
				DEVELOPMENT_TEAM = X557HAPU2P;
				ENABLE_STRICT_OBJC_MSGSEND = YES;
				ENABLE_TESTABILITY = YES;
				ENABLE_USER_SCRIPT_SANDBOXING = YES;
				GCC_C_LANGUAGE_STANDARD = gnu17;
				GCC_DYNAMIC_NO_PIC = NO;
				GCC_NO_COMMON_BLOCKS = YES;
				GCC_OPTIMIZATION_LEVEL = 0;
				GCC_PREPROCESSOR_DEFINITIONS = (
					"DEBUG=1",
					"$(inherited)",
				);
				GCC_WARN_64_TO_32_BIT_CONVERSION = YES;
				GCC_WARN_ABOUT_RETURN_TYPE = YES_ERROR;
				GCC_WARN_UNDECLARED_SELECTOR = YES;
				GCC_WARN_UNINITIALIZED_AUTOS = YES_AGGRESSIVE;
				GCC_WARN_UNUSED_FUNCTION = YES;
				GCC_WARN_UNUSED_VARIABLE = YES;
				IPHONEOS_DEPLOYMENT_TARGET = 18.4;
				LOCALIZATION_PREFERS_STRING_CATALOGS = YES;
				MTL_ENABLE_DEBUG_INFO = INCLUDE_SOURCE;
				MTL_FAST_MATH = YES;
				ONLY_ACTIVE_ARCH = YES;
				SDKROOT = iphoneos;
				SWIFT_ACTIVE_COMPILATION_CONDITIONS = "DEBUG $(inherited)";
				SWIFT_OPTIMIZATION_LEVEL = "-Onone";
			};
			name = Debug;
		};
		D9D753342DC1731A00FA84F9 /* Release */ = {
			isa = XCBuildConfiguration;
			buildSettings = {
				ALWAYS_SEARCH_USER_PATHS = NO;
				ASSETCATALOG_COMPILER_GENERATE_SWIFT_ASSET_SYMBOL_EXTENSIONS = YES;
				CLANG_ANALYZER_NONNULL = YES;
				CLANG_ANALYZER_NUMBER_OBJECT_CONVERSION = YES_AGGRESSIVE;
				CLANG_CXX_LANGUAGE_STANDARD = "gnu++20";
				CLANG_ENABLE_MODULES = YES;
				CLANG_ENABLE_OBJC_ARC = YES;
				CLANG_ENABLE_OBJC_WEAK = YES;
				CLANG_WARN_BLOCK_CAPTURE_AUTORELEASING = YES;
				CLANG_WARN_BOOL_CONVERSION = YES;
				CLANG_WARN_COMMA = YES;
				CLANG_WARN_CONSTANT_CONVERSION = YES;
				CLANG_WARN_DEPRECATED_OBJC_IMPLEMENTATIONS = YES;
				CLANG_WARN_DIRECT_OBJC_ISA_USAGE = YES_ERROR;
				CLANG_WARN_DOCUMENTATION_COMMENTS = YES;
				CLANG_WARN_EMPTY_BODY = YES;
				CLANG_WARN_ENUM_CONVERSION = YES;
				CLANG_WARN_INFINITE_RECURSION = YES;
				CLANG_WARN_INT_CONVERSION = YES;
				CLANG_WARN_NON_LITERAL_NULL_CONVERSION = YES;
				CLANG_WARN_OBJC_IMPLICIT_RETAIN_SELF = YES;
				CLANG_WARN_OBJC_LITERAL_CONVERSION = YES;
				CLANG_WARN_OBJC_ROOT_CLASS = YES_ERROR;
				CLANG_WARN_QUOTED_INCLUDE_IN_FRAMEWORK_HEADER = YES;
				CLANG_WARN_RANGE_LOOP_ANALYSIS = YES;
				CLANG_WARN_STRICT_PROTOTYPES = YES;
				CLANG_WARN_SUSPICIOUS_MOVE = YES;
				CLANG_WARN_UNGUARDED_AVAILABILITY = YES_AGGRESSIVE;
				CLANG_WARN_UNREACHABLE_CODE = YES;
				CLANG_WARN__DUPLICATE_METHOD_MATCH = YES;
				COPY_PHASE_STRIP = NO;
				DEBUG_INFORMATION_FORMAT = "dwarf-with-dsym";
				DEVELOPMENT_TEAM = X557HAPU2P;
				ENABLE_NS_ASSERTIONS = NO;
				ENABLE_STRICT_OBJC_MSGSEND = YES;
				ENABLE_USER_SCRIPT_SANDBOXING = YES;
				GCC_C_LANGUAGE_STANDARD = gnu17;
				GCC_NO_COMMON_BLOCKS = YES;
				GCC_WARN_64_TO_32_BIT_CONVERSION = YES;
				GCC_WARN_ABOUT_RETURN_TYPE = YES_ERROR;
				GCC_WARN_UNDECLARED_SELECTOR = YES;
				GCC_WARN_UNINITIALIZED_AUTOS = YES_AGGRESSIVE;
				GCC_WARN_UNUSED_FUNCTION = YES;
				GCC_WARN_UNUSED_VARIABLE = YES;
				IPHONEOS_DEPLOYMENT_TARGET = 18.4;
				LOCALIZATION_PREFERS_STRING_CATALOGS = YES;
				MTL_ENABLE_DEBUG_INFO = NO;
				MTL_FAST_MATH = YES;
				SDKROOT = iphoneos;
				SWIFT_COMPILATION_MODE = wholemodule;
				VALIDATE_PRODUCT = YES;
			};
			name = Release;
		};
		D9D753362DC1731A00FA84F9 /* Debug */ = {
			isa = XCBuildConfiguration;
			buildSettings = {
				ASSETCATALOG_COMPILER_APPICON_NAME = AppIcon;
				ASSETCATALOG_COMPILER_GLOBAL_ACCENT_COLOR_NAME = AccentColor;
				"CODE_SIGN_IDENTITY[sdk=iphoneos*]" = "iPhone Distribution";
				CODE_SIGN_STYLE = Manual;
				CURRENT_PROJECT_VERSION = 9;
				DEVELOPMENT_TEAM = "";
				"DEVELOPMENT_TEAM[sdk=iphoneos*]" = X557HAPU2P;
				ENABLE_PREVIEWS = YES;
				GENERATE_INFOPLIST_FILE = YES;
				INFOPLIST_FILE = ASTN/Info.plist;
				INFOPLIST_KEY_CFBundleDisplayName = "ASTN-mvp";
				INFOPLIST_KEY_LSApplicationCategoryType = "public.app-category.productivity";
				INFOPLIST_KEY_UIApplicationSceneManifest_Generation = YES;
				INFOPLIST_KEY_UIApplicationSupportsIndirectInputEvents = YES;
				INFOPLIST_KEY_UISupportedInterfaceOrientations = UIInterfaceOrientationPortrait;
				INFOPLIST_KEY_UISupportedInterfaceOrientations_iPad = "UIInterfaceOrientationLandscapeLeft UIInterfaceOrientationLandscapeRight UIInterfaceOrientationPortrait UIInterfaceOrientationPortraitUpsideDown";
				IPHONEOS_DEPLOYMENT_TARGET = 16.6;
				LD_RUNPATH_SEARCH_PATHS = (
					"$(inherited)",
					"@executable_path/Frameworks",
				);
				MARKETING_VERSION = 1.0;
				PRODUCT_BUNDLE_IDENTIFIER = com.ASTN.mvp;
				PRODUCT_NAME = "$(TARGET_NAME)";
				PROVISIONING_PROFILE_SPECIFIER = "";
				"PROVISIONING_PROFILE_SPECIFIER[sdk=iphoneos*]" = ASTN_Provision;
				SWIFT_EMIT_LOC_STRINGS = YES;
				SWIFT_VERSION = 5.0;
				TARGETED_DEVICE_FAMILY = "1,2";
			};
			name = Debug;
		};
		D9D753372DC1731A00FA84F9 /* Release */ = {
			isa = XCBuildConfiguration;
			buildSettings = {
				ASSETCATALOG_COMPILER_APPICON_NAME = AppIcon;
				ASSETCATALOG_COMPILER_GLOBAL_ACCENT_COLOR_NAME = AccentColor;
				"CODE_SIGN_IDENTITY[sdk=iphoneos*]" = "iPhone Distribution";
				CODE_SIGN_STYLE = Manual;
				CURRENT_PROJECT_VERSION = 9;
				DEVELOPMENT_TEAM = "";
				"DEVELOPMENT_TEAM[sdk=iphoneos*]" = X557HAPU2P;
				ENABLE_PREVIEWS = YES;
				GENERATE_INFOPLIST_FILE = YES;
				INFOPLIST_FILE = ASTN/Info.plist;
				INFOPLIST_KEY_CFBundleDisplayName = "ASTN-mvp";
				INFOPLIST_KEY_LSApplicationCategoryType = "public.app-category.productivity";
				INFOPLIST_KEY_UIApplicationSceneManifest_Generation = YES;
				INFOPLIST_KEY_UIApplicationSupportsIndirectInputEvents = YES;
				INFOPLIST_KEY_UISupportedInterfaceOrientations = UIInterfaceOrientationPortrait;
				INFOPLIST_KEY_UISupportedInterfaceOrientations_iPad = "UIInterfaceOrientationLandscapeLeft UIInterfaceOrientationLandscapeRight UIInterfaceOrientationPortrait UIInterfaceOrientationPortraitUpsideDown";
				IPHONEOS_DEPLOYMENT_TARGET = 16.6;
				LD_RUNPATH_SEARCH_PATHS = (
					"$(inherited)",
					"@executable_path/Frameworks",
				);
				MARKETING_VERSION = 1.0;
				PRODUCT_BUNDLE_IDENTIFIER = com.ASTN.mvp;
				PRODUCT_NAME = "$(TARGET_NAME)";
				PROVISIONING_PROFILE_SPECIFIER = "";
				"PROVISIONING_PROFILE_SPECIFIER[sdk=iphoneos*]" = ASTN_Provision;
				SWIFT_EMIT_LOC_STRINGS = YES;
				SWIFT_VERSION = 5.0;
				TARGETED_DEVICE_FAMILY = "1,2";
			};
			name = Release;
		};
		D9D753392DC1731A00FA84F9 /* Debug */ = {
			isa = XCBuildConfiguration;
			buildSettings = {
				BUNDLE_LOADER = "$(TEST_HOST)";
				CODE_SIGN_STYLE = Automatic;
				CURRENT_PROJECT_VERSION = 1;
				DEVELOPMENT_TEAM = X557HAPU2P;
				GENERATE_INFOPLIST_FILE = YES;
				IPHONEOS_DEPLOYMENT_TARGET = 18.4;
				MARKETING_VERSION = 1.0;
				PRODUCT_BUNDLE_IDENTIFIER = SoundSpa.ASTNTests;
				PRODUCT_NAME = "$(TARGET_NAME)";
				SWIFT_EMIT_LOC_STRINGS = NO;
				SWIFT_VERSION = 5.0;
				TARGETED_DEVICE_FAMILY = "1,2";
				TEST_HOST = "$(BUILT_PRODUCTS_DIR)/ASTN.app/$(BUNDLE_EXECUTABLE_FOLDER_PATH)/ASTN";
			};
			name = Debug;
		};
		D9D7533A2DC1731A00FA84F9 /* Release */ = {
			isa = XCBuildConfiguration;
			buildSettings = {
				BUNDLE_LOADER = "$(TEST_HOST)";
				CODE_SIGN_STYLE = Automatic;
				CURRENT_PROJECT_VERSION = 1;
				DEVELOPMENT_TEAM = X557HAPU2P;
				GENERATE_INFOPLIST_FILE = YES;
				IPHONEOS_DEPLOYMENT_TARGET = 18.4;
				MARKETING_VERSION = 1.0;
				PRODUCT_BUNDLE_IDENTIFIER = SoundSpa.ASTNTests;
				PRODUCT_NAME = "$(TARGET_NAME)";
				SWIFT_EMIT_LOC_STRINGS = NO;
				SWIFT_VERSION = 5.0;
				TARGETED_DEVICE_FAMILY = "1,2";
				TEST_HOST = "$(BUILT_PRODUCTS_DIR)/ASTN.app/$(BUNDLE_EXECUTABLE_FOLDER_PATH)/ASTN";
			};
			name = Release;
		};
		D9D7533C2DC1731A00FA84F9 /* Debug */ = {
			isa = XCBuildConfiguration;
			buildSettings = {
				CODE_SIGN_STYLE = Automatic;
				CURRENT_PROJECT_VERSION = 1;
				DEVELOPMENT_TEAM = X557HAPU2P;
				GENERATE_INFOPLIST_FILE = YES;
				MARKETING_VERSION = 1.0;
				PRODUCT_BUNDLE_IDENTIFIER = SoundSpa.ASTNUITests;
				PRODUCT_NAME = "$(TARGET_NAME)";
				SWIFT_EMIT_LOC_STRINGS = NO;
				SWIFT_VERSION = 5.0;
				TARGETED_DEVICE_FAMILY = "1,2";
				TEST_TARGET_NAME = ASTN;
			};
			name = Debug;
		};
		D9D7533D2DC1731A00FA84F9 /* Release */ = {
			isa = XCBuildConfiguration;
			buildSettings = {
				CODE_SIGN_STYLE = Automatic;
				CURRENT_PROJECT_VERSION = 1;
				DEVELOPMENT_TEAM = X557HAPU2P;
				GENERATE_INFOPLIST_FILE = YES;
				MARKETING_VERSION = 1.0;
				PRODUCT_BUNDLE_IDENTIFIER = SoundSpa.ASTNUITests;
				PRODUCT_NAME = "$(TARGET_NAME)";
				SWIFT_EMIT_LOC_STRINGS = NO;
				SWIFT_VERSION = 5.0;
				TARGETED_DEVICE_FAMILY = "1,2";
				TEST_TARGET_NAME = ASTN;
			};
			name = Release;
		};
/* End XCBuildConfiguration section */

/* Begin XCConfigurationList section */
		D9D7530F2DC1731700FA84F9 /* Build configuration list for PBXProject "ASTN" */ = {
			isa = XCConfigurationList;
			buildConfigurations = (
				D9D753332DC1731A00FA84F9 /* Debug */,
				D9D753342DC1731A00FA84F9 /* Release */,
			);
			defaultConfigurationIsVisible = 0;
			defaultConfigurationName = Release;
		};
		D9D753352DC1731A00FA84F9 /* Build configuration list for PBXNativeTarget "ASTN" */ = {
			isa = XCConfigurationList;
			buildConfigurations = (
				D9D753362DC1731A00FA84F9 /* Debug */,
				D9D753372DC1731A00FA84F9 /* Release */,
			);
			defaultConfigurationIsVisible = 0;
			defaultConfigurationName = Release;
		};
		D9D753382DC1731A00FA84F9 /* Build configuration list for PBXNativeTarget "ASTNTests" */ = {
			isa = XCConfigurationList;
			buildConfigurations = (
				D9D753392DC1731A00FA84F9 /* Debug */,
				D9D7533A2DC1731A00FA84F9 /* Release */,
			);
			defaultConfigurationIsVisible = 0;
			defaultConfigurationName = Release;
		};
		D9D7533B2DC1731A00FA84F9 /* Build configuration list for PBXNativeTarget "ASTNUITests" */ = {
			isa = XCConfigurationList;
			buildConfigurations = (
				D9D7533C2DC1731A00FA84F9 /* Debug */,
				D9D7533D2DC1731A00FA84F9 /* Release */,
			);
			defaultConfigurationIsVisible = 0;
			defaultConfigurationName = Release;
		};
/* End XCConfigurationList section */

/* Begin XCRemoteSwiftPackageReference section */
		D9EA501D2DD4E3B200B491EB /* XCRemoteSwiftPackageReference "amplify-swift" */ = {
			isa = XCRemoteSwiftPackageReference;
			repositoryURL = "https://github.com/aws-amplify/amplify-swift";
			requirement = {
				kind = upToNextMajorVersion;
				minimumVersion = 2.48.0;
			};
		};
/* End XCRemoteSwiftPackageReference section */

/* Begin XCSwiftPackageProductDependency section */
		D9EA501E2DD4E3B200B491EB /* AWSAPIPlugin */ = {
			isa = XCSwiftPackageProductDependency;
			package = D9EA501D2DD4E3B200B491EB /* XCRemoteSwiftPackageReference "amplify-swift" */;
			productName = AWSAPIPlugin;
		};
		D9EA50202DD4E3B200B491EB /* AWSCognitoAuthPlugin */ = {
			isa = XCSwiftPackageProductDependency;
			package = D9EA501D2DD4E3B200B491EB /* XCRemoteSwiftPackageReference "amplify-swift" */;
			productName = AWSCognitoAuthPlugin;
		};
		D9EA50222DD4E3B200B491EB /* Amplify */ = {
			isa = XCSwiftPackageProductDependency;
			package = D9EA501D2DD4E3B200B491EB /* XCRemoteSwiftPackageReference "amplify-swift" */;
			productName = Amplify;
		};
/* End XCSwiftPackageProductDependency section */
	};
	rootObject = D9D7530C2DC1731700FA84F9 /* Project object */;
}
